
Microsoft Visual Studio Solution File, Format Version 12.00
# Visual Studio Version 16
VisualStudioVersion = 25.0.1704.4
MinimumVisualStudioVersion = 10.0.40219.1
Project("{FAE04EC0-301F-11D3-BF4B-00C04F79EFBC}") = "algotest", "algotest\algotest.csproj", "{5BA65CE9-6DC8-4673-8105-86C2B5B42583}"
EndProject
Project("{2150E333-8FDC-42A3-9474-1A3956D46DE8}") = "Solution Items", "Solution Items", "{4EA21057-8F1D-4C97-9EB7-71EDF0FF480A}"
EndProject
Project("{FAE04EC0-301F-11D3-BF4B-00C04F79EFBC}") = "TreeTest", "TreeTest\TreeTest.csproj", "{5CC8A199-F425-4F4D-9BCB-5319A5424033}"
EndProject
Global
	GlobalSection(SolutionConfigurationPlatforms) = preSolution
		Debug|Any CPU = Debug|Any CPU
		Release|Any CPU = Release|Any CPU
	EndGlobalSection
	GlobalSection(ProjectConfigurationPlatforms) = postSolution
		{5BA65CE9-6DC8-4673-8105-86C2B5B42583}.Debug|Any CPU.ActiveCfg = Debug|Any CPU
		{5BA65CE9-6DC8-4673-8105-86C2B5B42583}.Debug|Any CPU.Build.0 = Debug|Any CPU
		{5BA65CE9-6DC8-4673-8105-86C2B5B42583}.Release|Any CPU.ActiveCfg = Release|Any CPU
		{5BA65CE9-6DC8-4673-8105-86C2B5B42583}.Release|Any CPU.Build.0 = Release|Any CPU
		{5CC8A199-F425-4F4D-9BCB-5319A5424033}.Debug|Any CPU.ActiveCfg = Debug|Any CPU
		{5CC8A199-F425-4F4D-9BCB-5319A5424033}.Debug|Any CPU.Build.0 = Debug|Any CPU
		{5CC8A199-F425-4F4D-9BCB-5319A5424033}.Release|Any CPU.ActiveCfg = Release|Any CPU
		{5CC8A199-F425-4F4D-9BCB-5319A5424033}.Release|Any CPU.Build.0 = Release|Any CPU
	EndGlobalSection
	GlobalSection(SolutionProperties) = preSolution
		HideSolutionNode = FALSE
	EndGlobalSection
	GlobalSection(ExtensibilityGlobals) = postSolution
		SolutionGuid = {85494C23-C0FF-462B-A248-D296E2E37E50}
	EndGlobalSection
	GlobalSection(MonoDevelopProperties) = preSolution
		Policies = $0
		$0.TextStylePolicy = $1
		$1.FileWidth = 80
		$1.scope = text/x-csharp
		$1.TabsToSpaces = True
		$0.CSharpFormattingPolicy = $2
		$2.scope = text/x-csharp
		$0.DotNetNamingPolicy = $3
		$3.DirectoryNamespaceAssociation = PrefixedHierarchical
	EndGlobalSection
EndGlobal
